// !$*UTF8*$!
{
	archiveVersion = 1;
	classes = {
	};
	objectVersion = 46;
	objects = {

/* Begin PBXBuildFile section */
		BD2599501BC6FE65001CE5B8 /* MapKit.framework in Frameworks */ = {isa = PBXBuildFile; fileRef = BD25994F1BC6FE65001CE5B8 /* MapKit.framework */; };
		BD43BA591BC6EF520026888C /* main.m in Sources */ = {isa = PBXBuildFile; fileRef = BD43BA581BC6EF520026888C /* main.m */; };
		BD43BA5C1BC6EF520026888C /* AppDelegate.m in Sources */ = {isa = PBXBuildFile; fileRef = BD43BA5B1BC6EF520026888C /* AppDelegate.m */; };
		BD43BA5F1BC6EF520026888C /* FISViewController.m in Sources */ = {isa = PBXBuildFile; fileRef = BD43BA5E1BC6EF520026888C /* FISViewController.m */; };
		BD43BA621BC6EF520026888C /* Main.storyboard in Resources */ = {isa = PBXBuildFile; fileRef = BD43BA601BC6EF520026888C /* Main.storyboard */; };
		BD43BA641BC6EF520026888C /* Assets.xcassets in Resources */ = {isa = PBXBuildFile; fileRef = BD43BA631BC6EF520026888C /* Assets.xcassets */; };
		BD43BA671BC6EF520026888C /* LaunchScreen.storyboard in Resources */ = {isa = PBXBuildFile; fileRef = BD43BA651BC6EF520026888C /* LaunchScreen.storyboard */; };
/* End PBXBuildFile section */

/* Begin PBXFileReference section */
		BD25994F1BC6FE65001CE5B8 /* MapKit.framework */ = {isa = PBXFileReference; lastKnownFileType = wrapper.framework; name = MapKit.framework; path = System/Library/Frameworks/MapKit.framework; sourceTree = SDKROOT; };
		BD43BA541BC6EF520026888C /* IntroToViews.app */ = {isa = PBXFileReference; explicitFileType = wrapper.application; includeInIndex = 0; path = IntroToViews.app; sourceTree = BUILT_PRODUCTS_DIR; };
		BD43BA581BC6EF520026888C /* main.m */ = {isa = PBXFileReference; lastKnownFileType = sourcecode.c.objc; path = main.m; sourceTree = "<group>"; };
		BD43BA5A1BC6EF520026888C /* AppDelegate.h */ = {isa = PBXFileReference; lastKnownFileType = sourcecode.c.h; path = AppDelegate.h; sourceTree = "<group>"; };
		BD43BA5B1BC6EF520026888C /* AppDelegate.m */ = {isa = PBXFileReference; lastKnownFileType = sourcecode.c.objc; path = AppDelegate.m; sourceTree = "<group>"; };
		BD43BA5D1BC6EF520026888C /* FISViewController.h */ = {isa = PBXFileReference; lastKnownFileType = sourcecode.c.h; path = FISViewController.h; sourceTree = "<group>"; };
		BD43BA5E1BC6EF520026888C /* FISViewController.m */ = {isa = PBXFileReference; lastKnownFileType = sourcecode.c.objc; path = FISViewController.m; sourceTree = "<group>"; };
		BD43BA611BC6EF520026888C /* Base */ = {isa = PBXFileReference; lastKnownFileType = file.storyboard; name = Base; path = Base.lproj/Main.storyboard; sourceTree = "<group>"; };
		BD43BA631BC6EF520026888C /* Assets.xcassets */ = {isa = PBXFileReference; lastKnownFileType = folder.assetcatalog; path = Assets.xcassets; sourceTree = "<group>"; };
		BD43BA661BC6EF520026888C /* Base */ = {isa = PBXFileReference; lastKnownFileType = file.storyboard; name = Base; path = Base.lproj/LaunchScreen.storyboard; sourceTree = "<group>"; };
		BD43BA681BC6EF520026888C /* Info.plist */ = {isa = PBXFileReference; lastKnownFileType = text.plist.xml; path = Info.plist; sourceTree = "<group>"; };
/* End PBXFileReference section */

/* Begin PBXFrameworksBuildPhase section */
		BD43BA511BC6EF520026888C /* Frameworks */ = {
			isa = PBXFrameworksBuildPhase;
			buildActionMask = 2147483647;
			files = (
				BD2599501BC6FE65001CE5B8 /* MapKit.framework in Frameworks */,
			);
			runOnlyForDeploymentPostprocessing = 0;
		};
/* End PBXFrameworksBuildPhase section */

/* Begin PBXGroup section */
		BD43BA4B1BC6EF520026888C = {
			isa = PBXGroup;
			children = (
				BD25994F1BC6FE65001CE5B8 /* MapKit.framework */,
				BD43BA561BC6EF520026888C /* IntroToViews */,
				BD43BA551BC6EF520026888C /* Products */,
			);
			sourceTree = "<group>";
		};
		BD43BA551BC6EF520026888C /* Products */ = {
			isa = PBXGroup;
			children = (
				BD43BA541BC6EF520026888C /* IntroToViews.app */,
			);
			name = Products;
			sourceTree = "<group>";
		};
		BD43BA561BC6EF520026888C /* IntroToViews */ = {
			isa = PBXGroup;
			children = (
				BD43BA5A1BC6EF520026888C /* AppDelegate.h */,
				BD43BA5B1BC6EF520026888C /* AppDelegate.m */,
				BD43BA5D1BC6EF520026888C /* FISViewController.h */,
				BD43BA5E1BC6EF520026888C /* FISViewController.m */,
				BD43BA601BC6EF520026888C /* Main.storyboard */,
				BD43BA631BC6EF520026888C /* Assets.xcassets */,
				BD43BA651BC6EF520026888C /* LaunchScreen.storyboard */,
				BD43BA681BC6EF520026888C /* Info.plist */,
				BD43BA571BC6EF520026888C /* Supporting Files */,
			);
			path = IntroToViews;
			sourceTree = "<group>";
		};
		BD43BA571BC6EF520026888C /* Supporting Files */ = {
			isa = PBXGroup;
			children = (
				BD43BA581BC6EF520026888C /* main.m */,
			);
			name = "Supporting Files";
			sourceTree = "<group>";
		};
/* End PBXGroup section */

/* Begin PBXNativeTarget section */
		BD43BA531BC6EF520026888C /* IntroToViews */ = {
			isa = PBXNativeTarget;
			buildConfigurationList = BD43BA6B1BC6EF520026888C /* Build configuration list for PBXNativeTarget "IntroToViews" */;
			buildPhases = (
				BD43BA501BC6EF520026888C /* Sources */,
				BD43BA511BC6EF520026888C /* Frameworks */,
				BD43BA521BC6EF520026888C /* Resources */,
			);
			buildRules = (
			);
			dependencies = (
			);
			name = IntroToViews;
			productName = IntroToViews;
			productReference = BD43BA541BC6EF520026888C /* IntroToViews.app */;
			productType = "com.apple.product-type.application";
		};
/* End PBXNativeTarget section */

/* Begin PBXProject section */
		BD43BA4C1BC6EF520026888C /* Project object */ = {
			isa = PBXProject;
			attributes = {
				LastUpgradeCheck = 0710;
				ORGANIZATIONNAME = "Flatiron School";
				TargetAttributes = {
					BD43BA531BC6EF520026888C = {
						CreatedOnToolsVersion = 7.1;
						SystemCapabilities = {
							com.apple.Maps.iOS = {
								enabled = 1;
							};
						};
					};
				};
			};
			buildConfigurationList = BD43BA4F1BC6EF520026888C /* Build configuration list for PBXProject "IntroToViews" */;
			compatibilityVersion = "Xcode 3.2";
			developmentRegion = English;
			hasScannedForEncodings = 0;
			knownRegions = (
				en,
				Base,
			);
			mainGroup = BD43BA4B1BC6EF520026888C;
			productRefGroup = BD43BA551BC6EF520026888C /* Products */;
			projectDirPath = "";
			projectRoot = "";
			targets = (
				BD43BA531BC6EF520026888C /* IntroToViews */,
			);
		};
/* End PBXProject section */

/* Begin PBXResourcesBuildPhase section */
		BD43BA521BC6EF520026888C /* Resources */ = {
			isa = PBXResourcesBuildPhase;
			buildActionMask = 2147483647;
			files = (
				BD43BA671BC6EF520026888C /* LaunchScreen.storyboard in Resources */,
				BD43BA641BC6EF520026888C /* Assets.xcassets in Resources */,
				BD43BA621BC6EF520026888C /* Main.storyboard in Resources */,
			);
			runOnlyForDeploymentPostprocessing = 0;
		};
/* End PBXResourcesBuildPhase section */

/* Begin PBXSourcesBuildPhase section */
		BD43BA501BC6EF520026888C /* Sources */ = {
			isa = PBXSourcesBuildPhase;
			buildActionMask = 2147483647;
			files = (
				BD43BA5F1BC6EF520026888C /* FISViewController.m in Sources */,
				BD43BA5C1BC6EF520026888C /* AppDelegate.m in Sources */,
				BD43BA591BC6EF520026888C /* main.m in Sources */,
			);
			runOnlyForDeploymentPostprocessing = 0;
		};
/* End PBXSourcesBuildPhase section */

/* Begin PBXVariantGroup section */
		BD43BA601BC6EF520026888C /* Main.storyboard */ = {
			isa = PBXVariantGroup;
			children = (
				BD43BA611BC6EF520026888C /* Base */,
			);
			name = Main.storyboard;
			sourceTree = "<group>";
		};
		BD43BA651BC6EF520026888C /* LaunchScreen.storyboard */ = {
			isa = PBXVariantGroup;
			children = (
				BD43BA661BC6EF520026888C /* Base */,
			);
			name = LaunchScreen.storyboard;
			sourceTree = "<group>";
		};
/* End PBXVariantGroup section */

/* Begin XCBuildConfiguration section */
		BD43BA691BC6EF520026888C /* Debug */ = {
			isa = XCBuildConfiguration;
			buildSettings = {
				ALWAYS_SEARCH_USER_PATHS = NO;
				CLANG_CXX_LANGUAGE_STANDARD = "gnu++0x";
				CLANG_CXX_LIBRARY = "libc++";
				CLANG_ENABLE_MODULES = YES;
				CLANG_ENABLE_OBJC_ARC = YES;
				CLANG_WARN_BOOL_CONVERSION = YES;
				CLANG_WARN_CONSTANT_CONVERSION = YES;
				CLANG_WARN_DIRECT_OBJC_ISA_USAGE = YES_ERROR;
				CLANG_WARN_EMPTY_BODY = YES;
				CLANG_WARN_ENUM_CONVERSION = YES;
				CLANG_WARN_INT_CONVERSION = YES;
				CLANG_WARN_OBJC_ROOT_CLASS = YES_ERROR;
				CLANG_WARN_UNREACHABLE_CODE = YES;
				CLANG_WARN__DUPLICATE_METHOD_MATCH = YES;
				"CODE_SIGN_IDENTITY[sdk=iphoneos*]" = "iPhone Developer";
				COPY_PHASE_STRIP = NO;
				DEBUG_INFORMATION_FORMAT = dwarf;
				ENABLE_STRICT_OBJC_MSGSEND = YES;
				ENABLE_TESTABILITY = YES;
				GCC_C_LANGUAGE_STANDARD = gnu99;
				GCC_DYNAMIC_NO_PIC = NO;
				GCC_NO_COMMON_BLOCKS = YES;
				GCC_OPTIMIZATION_LEVEL = 0;
				GCC_PREPROCESSOR_DEFINITIONS = (
					"DEBUG=1",
					"$(inherited)",
				);
				GCC_WARN_64_TO_32_BIT_CONVERSION = YES;
				GCC_WARN_ABOUT_RETURN_TYPE = YES_ERROR;
				GCC_WARN_UNDECLARED_SELECTOR = YES;
				GCC_WARN_UNINITIALIZED_AUTOS = YES_AGGRESSIVE;
				GCC_WARN_UNUSED_FUNCTION = YES;
				GCC_WARN_UNUSED_VARIABLE = YES;
				IPHONEOS_DEPLOYMENT_TARGET = 9.1;
				MTL_ENABLE_DEBUG_INFO = YES;
				ONLY_ACTIVE_ARCH = YES;
				SDKROOT = iphoneos;
			};
			name = Debug;
		};
		BD43BA6A1BC6EF520026888C /* Release */ = {
			isa = XCBuildConfiguration;
			buildSettings = {
				ALWAYS_SEARCH_USER_PATHS = NO;
				CLANG_CXX_LANGUAGE_STANDARD = "gnu++0x";
				CLANG_CXX_LIBRARY = "libc++";
				CLANG_ENABLE_MODULES = YES;
				CLANG_ENABLE_OBJC_ARC = YES;
				CLANG_WARN_BOOL_CONVERSION = YES;
				CLANG_WARN_CONSTANT_CONVERSION = YES;
				CLANG_WARN_DIRECT_OBJC_ISA_USAGE = YES_ERROR;
				CLANG_WARN_EMPTY_BODY = YES;
				CLANG_WARN_ENUM_CONVERSION = YES;
				CLANG_WARN_INT_CONVERSION = YES;
				CLANG_WARN_OBJC_ROOT_CLASS = YES_ERROR;
				CLANG_WARN_UNREACHABLE_CODE = YES;
				CLANG_WARN__DUPLICATE_METHOD_MATCH = YES;
				"CODE_SIGN_IDENTITY[sdk=iphoneos*]" = "iPhone Developer";
				COPY_PHASE_STRIP = NO;
				DEBUG_INFORMATION_FORMAT = "dwarf-with-dsym";
				ENABLE_NS_ASSERTIONS = NO;
				ENABLE_STRICT_OBJC_MSGSEND = YES;
				GCC_C_LANGUAGE_STANDARD = gnu99;
				GCC_NO_COMMON_BLOCKS = YES;
				GCC_WARN_64_TO_32_BIT_CONVERSION = YES;
				GCC_WARN_ABOUT_RETURN_TYPE = YES_ERROR;
				GCC_WARN_UNDECLARED_SELECTOR = YES;
				GCC_WARN_UNINITIALIZED_AUTOS = YES_AGGRESSIVE;
				GCC_WARN_UNUSED_FUNCTION = YES;
				GCC_WARN_UNUSED_VARIABLE = YES;
				IPHONEOS_DEPLOYMENT_TARGET = 9.1;
				MTL_ENABLE_DEBUG_INFO = NO;
				SDKROOT = iphoneos;
				VALIDATE_PRODUCT = YES;
			};
			name = Release;
		};
		BD43BA6C1BC6EF520026888C /* Debug */ = {
			isa = XCBuildConfiguration;
			buildSettings = {
				ASSETCATALOG_COMPILER_APPICON_NAME = AppIcon;
				INFOPLIST_FILE = IntroToViews/Info.plist;
				IPHONEOS_DEPLOYMENT_TARGET = 9.0;
				LD_RUNPATH_SEARCH_PATHS = "$(inherited) @executable_path/Frameworks";
				PRODUCT_BUNDLE_IDENTIFIER = com.flatironschool.IntroToViews;
				PRODUCT_NAME = "$(TARGET_NAME)";
			};
			name = Debug;
		};
		BD43BA6D1BC6EF520026888C /* Release */ = {
			isa = XCBuildConfiguration;
			buildSettings = {
				ASSETCATALOG_COMPILER_APPICON_NAME = AppIcon;
				INFOPLIST_FILE = IntroToViews/Info.plist;
				IPHONEOS_DEPLOYMENT_TARGET = 9.0;
				LD_RUNPATH_SEARCH_PATHS = "$(inherited) @executable_path/Frameworks";
				PRODUCT_BUNDLE_IDENTIFIER = com.flatironschool.IntroToViews;
				PRODUCT_NAME = "$(TARGET_NAME)";
			};
			name = Release;
		};
/* End XCBuildConfiguration section */

/* Begin XCConfigurationList section */
		BD43BA4F1BC6EF520026888C /* Build configuration list for PBXProject "IntroToViews" */ = {
			isa = XCConfigurationList;
			buildConfigurations = (
				BD43BA691BC6EF520026888C /* Debug */,
				BD43BA6A1BC6EF520026888C /* Release */,
			);
			defaultConfigurationIsVisible = 0;
			defaultConfigurationName = Release;
		};
		BD43BA6B1BC6EF520026888C /* Build configuration list for PBXNativeTarget "IntroToViews" */ = {
			isa = XCConfigurationList;
			buildConfigurations = (
				BD43BA6C1BC6EF520026888C /* Debug */,
				BD43BA6D1BC6EF520026888C /* Release */,
			);
			defaultConfigurationIsVisible = 0;
			defaultConfigurationName = Release;
		};
/* End XCConfigurationList section */
	};
	rootObject = BD43BA4C1BC6EF520026888C /* Project object */;
}
